
Microsoft Visual Studio Solution File, Format Version 12.00
# Visual Studio Version 17
VisualStudioVersion = 17.13.35931.197 d17.13
MinimumVisualStudioVersion = 10.0.40219.1
Project("{FAE04EC0-301F-11D3-BF4B-00C04F79EFBC}") = "Hardware-monitor-server", "Hardware-monitor-server.csproj", "{75755B78-4795-4CAA-8A7B-27ACB4E15E41}"
EndProject
Global
	GlobalSection(SolutionConfigurationPlatforms) = preSolution
		Debug|Any CPU = Debug|Any CPU
		Release|Any CPU = Release|Any CPU
	EndGlobalSection
	GlobalSection(ProjectConfigurationPlatforms) = postSolution
		{75755B78-4795-4CAA-8A7B-27ACB4E15E41}.Debug|Any CPU.ActiveCfg = Debug|Any CPU
		{75755B78-4795-4CAA-8A7B-27ACB4E15E41}.Debug|Any CPU.Build.0 = Debug|Any CPU
		{75755B78-4795-4CAA-8A7B-27ACB4E15E41}.Release|Any CPU.ActiveCfg = Release|Any CPU
		{75755B78-4795-4CAA-8A7B-27ACB4E15E41}.Release|Any CPU.Build.0 = Release|Any CPU
	EndGlobalSection
	GlobalSection(SolutionProperties) = preSolution
		HideSolutionNode = FALSE
	EndGlobalSection
	GlobalSection(ExtensibilityGlobals) = postSolution
		SolutionGuid = {FB83DB3A-39C7-45C6-8F24-85D12FEB8D59}
	EndGlobalSection
EndGlobal
